
Microsoft Visual Studio Solution File, Format Version 12.00
# Visual Studio Version 16
VisualStudioVersion = 16.0.30503.244
MinimumVisualStudioVersion = 10.0.40219.1
Project("{FAE04EC0-301F-11D3-BF4B-00C04F79EFBC}") = "ConfirmPassword", "ConfirmPassword\ConfirmPassword.csproj", "{4882AD9F-CE7D-4E74-A95D-302D342D868F}"
EndProject
Global
	GlobalSection(SolutionConfigurationPlatforms) = preSolution
		Debug|Any CPU = Debug|Any CPU
		Release|Any CPU = Release|Any CPU
	EndGlobalSection
	GlobalSection(ProjectConfigurationPlatforms) = postSolution
		{4882AD9F-CE7D-4E74-A95D-302D342D868F}.Debug|Any CPU.ActiveCfg = Debug|Any CPU
		{4882AD9F-CE7D-4E74-A95D-302D342D868F}.Debug|Any CPU.Build.0 = Debug|Any CPU
		{4882AD9F-CE7D-4E74-A95D-302D342D868F}.Release|Any CPU.ActiveCfg = Release|Any CPU
		{4882AD9F-CE7D-4E74-A95D-302D342D868F}.Release|Any CPU.Build.0 = Release|Any CPU
	EndGlobalSection
	GlobalSection(SolutionProperties) = preSolution
		HideSolutionNode = FALSE
	EndGlobalSection
	GlobalSection(ExtensibilityGlobals) = postSolution
		SolutionGuid = {EB1AC6F8-E6BC-4B4A-994C-2EAD27FA2956}
	EndGlobalSection
EndGlobal
